
Microsoft Visual Studio Solution File, Format Version 11.00
# Visual Studio 2010
Project("{FAE04EC0-301F-11D3-BF4B-00C04F79EFBC}") = "Legendary 3D Selfie App", "Assembly-CSharp-firstpass.csproj", "{913C9A76-723B-1EAD-335E-4C0F0D5C576D}"
EndProject
Project("{FAE04EC0-301F-11D3-BF4B-00C04F79EFBC}") = "Legendary 3D Selfie App", "Assembly-CSharp.csproj", "{099CC796-6327-8749-2F8C-B5CA306F581B}"
EndProject
Project("{FAE04EC0-301F-11D3-BF4B-00C04F79EFBC}") = "Legendary 3D Selfie App", "Assembly-CSharp-Editor-firstpass.csproj", "{2D4B9B1A-AB38-8802-3D35-6C568BEF1D52}"
EndProject
Project("{FAE04EC0-301F-11D3-BF4B-00C04F79EFBC}") = "Legendary 3D Selfie App", "Assembly-CSharp-Editor.csproj", "{AD5BEAD7-DEE9-A222-7011-A7E7C7CBC369}"
EndProject
Global
	GlobalSection(SolutionConfigurationPlatforms) = preSolution
		Debug|Any CPU = Debug|Any CPU
		Release|Any CPU = Release|Any CPU
	EndGlobalSection
	GlobalSection(ProjectConfigurationPlatforms) = postSolution
		{913C9A76-723B-1EAD-335E-4C0F0D5C576D}.Debug|Any CPU.ActiveCfg = Debug|Any CPU
		{913C9A76-723B-1EAD-335E-4C0F0D5C576D}.Debug|Any CPU.Build.0 = Debug|Any CPU
		{913C9A76-723B-1EAD-335E-4C0F0D5C576D}.Release|Any CPU.ActiveCfg = Release|Any CPU
		{913C9A76-723B-1EAD-335E-4C0F0D5C576D}.Release|Any CPU.Build.0 = Release|Any CPU
		{099CC796-6327-8749-2F8C-B5CA306F581B}.Debug|Any CPU.ActiveCfg = Debug|Any CPU
		{099CC796-6327-8749-2F8C-B5CA306F581B}.Debug|Any CPU.Build.0 = Debug|Any CPU
		{099CC796-6327-8749-2F8C-B5CA306F581B}.Release|Any CPU.ActiveCfg = Release|Any CPU
		{099CC796-6327-8749-2F8C-B5CA306F581B}.Release|Any CPU.Build.0 = Release|Any CPU
		{2D4B9B1A-AB38-8802-3D35-6C568BEF1D52}.Debug|Any CPU.ActiveCfg = Debug|Any CPU
		{2D4B9B1A-AB38-8802-3D35-6C568BEF1D52}.Debug|Any CPU.Build.0 = Debug|Any CPU
		{2D4B9B1A-AB38-8802-3D35-6C568BEF1D52}.Release|Any CPU.ActiveCfg = Release|Any CPU
		{2D4B9B1A-AB38-8802-3D35-6C568BEF1D52}.Release|Any CPU.Build.0 = Release|Any CPU
		{AD5BEAD7-DEE9-A222-7011-A7E7C7CBC369}.Debug|Any CPU.ActiveCfg = Debug|Any CPU
		{AD5BEAD7-DEE9-A222-7011-A7E7C7CBC369}.Debug|Any CPU.Build.0 = Debug|Any CPU
		{AD5BEAD7-DEE9-A222-7011-A7E7C7CBC369}.Release|Any CPU.ActiveCfg = Release|Any CPU
		{AD5BEAD7-DEE9-A222-7011-A7E7C7CBC369}.Release|Any CPU.Build.0 = Release|Any CPU
	EndGlobalSection
	GlobalSection(SolutionProperties) = preSolution
		HideSolutionNode = FALSE
	EndGlobalSection
	GlobalSection(MonoDevelopProperties) = preSolution
		StartupItem = Assembly-CSharp.csproj
	EndGlobalSection
EndGlobal
